
Microsoft Visual Studio Solution File, Format Version 12.00
Project("{FAE04EC0-301F-11D3-BF4B-00C04F79EFBC}") = "NWN.Amia", "NWN.Amia\NWN.Amia.csproj", "{1EFCAA24-52DF-4A63-A8BE-4E389B83EB8F}"
EndProject
Global
	GlobalSection(SolutionConfigurationPlatforms) = preSolution
		Debug|Any CPU = Debug|Any CPU
		Release|Any CPU = Release|Any CPU
	EndGlobalSection
	GlobalSection(ProjectConfigurationPlatforms) = postSolution
		{1EFCAA24-52DF-4A63-A8BE-4E389B83EB8F}.Debug|Any CPU.ActiveCfg = Debug|Any CPU
		{1EFCAA24-52DF-4A63-A8BE-4E389B83EB8F}.Debug|Any CPU.Build.0 = Debug|Any CPU
		{1EFCAA24-52DF-4A63-A8BE-4E389B83EB8F}.Release|Any CPU.ActiveCfg = Release|Any CPU
		{1EFCAA24-52DF-4A63-A8BE-4E389B83EB8F}.Release|Any CPU.Build.0 = Release|Any CPU
	EndGlobalSection
EndGlobal
